// !$*UTF8*$!
{
	archiveVersion = 1;
	classes = {
	};
	objectVersion = 56;
	objects = {

/* Begin PBXBuildFile section */
		912CB69A29F4314D009977E0 /* AppDelegate.swift in Sources */ = {isa = PBXBuildFile; fileRef = 912CB69929F4314D009977E0 /* AppDelegate.swift */; };
		912CB69E29F4314D009977E0 /* MainTableViewController.swift in Sources */ = {isa = PBXBuildFile; fileRef = 912CB69D29F4314D009977E0 /* MainTableViewController.swift */; };
		912CB6A329F43152009977E0 /* Assets.xcassets in Resources */ = {isa = PBXBuildFile; fileRef = 912CB6A229F43152009977E0 /* Assets.xcassets */; };
		912CB6A629F43152009977E0 /* LaunchScreen.storyboard in Resources */ = {isa = PBXBuildFile; fileRef = 912CB6A429F43152009977E0 /* LaunchScreen.storyboard */; };
		912CB6B329F51594009977E0 /* Resources.swift in Sources */ = {isa = PBXBuildFile; fileRef = 912CB6B229F51594009977E0 /* Resources.swift */; };
		912CB6B629F51984009977E0 /* MainTableViewCell .swift in Sources */ = {isa = PBXBuildFile; fileRef = 912CB6B529F51984009977E0 /* MainTableViewCell .swift */; };
		912CB6BA29F51C10009977E0 /* UIView + Extension.swift in Sources */ = {isa = PBXBuildFile; fileRef = 912CB6B929F51C10009977E0 /* UIView + Extension.swift */; };
		912CB6BE29F52139009977E0 /* EditingViewController.swift in Sources */ = {isa = PBXBuildFile; fileRef = 912CB6BD29F52139009977E0 /* EditingViewController.swift */; };
		912CB6C329F5314E009977E0 /* TextViewTableViewCell.swift in Sources */ = {isa = PBXBuildFile; fileRef = 912CB6C229F5314E009977E0 /* TextViewTableViewCell.swift */; };
		912CB6C529F532F3009977E0 /* NameTextView.swift in Sources */ = {isa = PBXBuildFile; fileRef = 912CB6C429F532F3009977E0 /* NameTextView.swift */; };
		912CB6C729F53806009977E0 /* Constants.swift in Sources */ = {isa = PBXBuildFile; fileRef = 912CB6C629F53806009977E0 /* Constants.swift */; };
		912CB6C929F541BE009977E0 /* NameTextViewProtocol.swift in Sources */ = {isa = PBXBuildFile; fileRef = 912CB6C829F541BE009977E0 /* NameTextViewProtocol.swift */; };
		912CB6CB29F54582009977E0 /* DatePickerTableViewCell.swift in Sources */ = {isa = PBXBuildFile; fileRef = 912CB6CA29F54582009977E0 /* DatePickerTableViewCell.swift */; };
		912CB6CD29F550C4009977E0 /* PickerViewTableViewCell.swift in Sources */ = {isa = PBXBuildFile; fileRef = 912CB6CC29F550C4009977E0 /* PickerViewTableViewCell.swift */; };
		912CB6CF29F5520E009977E0 /* GenderPickerView.swift in Sources */ = {isa = PBXBuildFile; fileRef = 912CB6CE29F5520E009977E0 /* GenderPickerView.swift */; };
		912CB6D129F55370009977E0 /* GenderPickerViewProtocol.swift in Sources */ = {isa = PBXBuildFile; fileRef = 912CB6D029F55370009977E0 /* GenderPickerViewProtocol.swift */; };
		912CB6D329F55457009977E0 /* GenderTextField .swift in Sources */ = {isa = PBXBuildFile; fileRef = 912CB6D229F55457009977E0 /* GenderTextField .swift */; };
		9139EBD429F5A66B0088F8EE /* EditingTableView.swift in Sources */ = {isa = PBXBuildFile; fileRef = 9139EBD329F5A66B0088F8EE /* EditingTableView.swift */; };
		9139EBD729F5AA640088F8EE /* UserModel.swift in Sources */ = {isa = PBXBuildFile; fileRef = 9139EBD629F5AA640088F8EE /* UserModel.swift */; };
		9139EBDA29F5AE030088F8EE /* UserDefaultsHelpers.swift in Sources */ = {isa = PBXBuildFile; fileRef = 9139EBD929F5AE030088F8EE /* UserDefaultsHelpers.swift */; };
/* End PBXBuildFile section */

/* Begin PBXFileReference section */
		912CB69629F4314D009977E0 /* UserInfo.app */ = {isa = PBXFileReference; explicitFileType = wrapper.application; includeInIndex = 0; path = UserInfo.app; sourceTree = BUILT_PRODUCTS_DIR; };
		912CB69929F4314D009977E0 /* AppDelegate.swift */ = {isa = PBXFileReference; lastKnownFileType = sourcecode.swift; path = AppDelegate.swift; sourceTree = "<group>"; };
		912CB69D29F4314D009977E0 /* MainTableViewController.swift */ = {isa = PBXFileReference; lastKnownFileType = sourcecode.swift; path = MainTableViewController.swift; sourceTree = "<group>"; };
		912CB6A229F43152009977E0 /* Assets.xcassets */ = {isa = PBXFileReference; lastKnownFileType = folder.assetcatalog; path = Assets.xcassets; sourceTree = "<group>"; };
		912CB6A529F43152009977E0 /* Base */ = {isa = PBXFileReference; lastKnownFileType = file.storyboard; name = Base; path = Base.lproj/LaunchScreen.storyboard; sourceTree = "<group>"; };
		912CB6A729F43152009977E0 /* Info.plist */ = {isa = PBXFileReference; lastKnownFileType = text.plist.xml; path = Info.plist; sourceTree = "<group>"; };
		912CB6B229F51594009977E0 /* Resources.swift */ = {isa = PBXFileReference; lastKnownFileType = sourcecode.swift; path = Resources.swift; sourceTree = "<group>"; };
		912CB6B529F51984009977E0 /* MainTableViewCell .swift */ = {isa = PBXFileReference; lastKnownFileType = sourcecode.swift; path = "MainTableViewCell .swift"; sourceTree = "<group>"; };
		912CB6B929F51C10009977E0 /* UIView + Extension.swift */ = {isa = PBXFileReference; lastKnownFileType = sourcecode.swift; path = "UIView + Extension.swift"; sourceTree = "<group>"; };
		912CB6BD29F52139009977E0 /* EditingViewController.swift */ = {isa = PBXFileReference; lastKnownFileType = sourcecode.swift; path = EditingViewController.swift; sourceTree = "<group>"; };
		912CB6C229F5314E009977E0 /* TextViewTableViewCell.swift */ = {isa = PBXFileReference; lastKnownFileType = sourcecode.swift; path = TextViewTableViewCell.swift; sourceTree = "<group>"; };
		912CB6C429F532F3009977E0 /* NameTextView.swift */ = {isa = PBXFileReference; lastKnownFileType = sourcecode.swift; path = NameTextView.swift; sourceTree = "<group>"; };
		912CB6C629F53806009977E0 /* Constants.swift */ = {isa = PBXFileReference; lastKnownFileType = sourcecode.swift; path = Constants.swift; sourceTree = "<group>"; };
		912CB6C829F541BE009977E0 /* NameTextViewProtocol.swift */ = {isa = PBXFileReference; lastKnownFileType = sourcecode.swift; path = NameTextViewProtocol.swift; sourceTree = "<group>"; };
		912CB6CA29F54582009977E0 /* DatePickerTableViewCell.swift */ = {isa = PBXFileReference; lastKnownFileType = sourcecode.swift; path = DatePickerTableViewCell.swift; sourceTree = "<group>"; };
		912CB6CC29F550C4009977E0 /* PickerViewTableViewCell.swift */ = {isa = PBXFileReference; lastKnownFileType = sourcecode.swift; path = PickerViewTableViewCell.swift; sourceTree = "<group>"; };
		912CB6CE29F5520E009977E0 /* GenderPickerView.swift */ = {isa = PBXFileReference; lastKnownFileType = sourcecode.swift; path = GenderPickerView.swift; sourceTree = "<group>"; };
		912CB6D029F55370009977E0 /* GenderPickerViewProtocol.swift */ = {isa = PBXFileReference; lastKnownFileType = sourcecode.swift; path = GenderPickerViewProtocol.swift; sourceTree = "<group>"; };
		912CB6D229F55457009977E0 /* GenderTextField .swift */ = {isa = PBXFileReference; lastKnownFileType = sourcecode.swift; path = "GenderTextField .swift"; sourceTree = "<group>"; };
		9139EBD329F5A66B0088F8EE /* EditingTableView.swift */ = {isa = PBXFileReference; lastKnownFileType = sourcecode.swift; path = EditingTableView.swift; sourceTree = "<group>"; };
		9139EBD629F5AA640088F8EE /* UserModel.swift */ = {isa = PBXFileReference; lastKnownFileType = sourcecode.swift; path = UserModel.swift; sourceTree = "<group>"; };
		9139EBD929F5AE030088F8EE /* UserDefaultsHelpers.swift */ = {isa = PBXFileReference; lastKnownFileType = sourcecode.swift; path = UserDefaultsHelpers.swift; sourceTree = "<group>"; };
/* End PBXFileReference section */

/* Begin PBXFrameworksBuildPhase section */
		912CB69329F4314D009977E0 /* Frameworks */ = {
			isa = PBXFrameworksBuildPhase;
			buildActionMask = 2147483647;
			files = (
			);
			runOnlyForDeploymentPostprocessing = 0;
		};
/* End PBXFrameworksBuildPhase section */

/* Begin PBXGroup section */
		912CB68D29F4314D009977E0 = {
			isa = PBXGroup;
			children = (
				912CB69829F4314D009977E0 /* UserInfo */,
				912CB69729F4314D009977E0 /* Products */,
			);
			sourceTree = "<group>";
		};
		912CB69729F4314D009977E0 /* Products */ = {
			isa = PBXGroup;
			children = (
				912CB69629F4314D009977E0 /* UserInfo.app */,
			);
			name = Products;
			sourceTree = "<group>";
		};
		912CB69829F4314D009977E0 /* UserInfo */ = {
			isa = PBXGroup;
			children = (
				912CB6AD29F43163009977E0 /* Application */,
				912CB6AF29F43285009977E0 /* MainModule */,
				912CB6BB29F52104009977E0 /* EditingModule */,
				9139EBD829F5AC510088F8EE /* Services */,
				912CB6B129F43660009977E0 /* Resources */,
				912CB6B729F51BEF009977E0 /* Extensions */,
				912CB6AE29F43171009977E0 /* SupportingFile */,
			);
			path = UserInfo;
			sourceTree = "<group>";
		};
		912CB6AD29F43163009977E0 /* Application */ = {
			isa = PBXGroup;
			children = (
				912CB69929F4314D009977E0 /* AppDelegate.swift */,
			);
			path = Application;
			sourceTree = "<group>";
		};
		912CB6AE29F43171009977E0 /* SupportingFile */ = {
			isa = PBXGroup;
			children = (
				912CB6A229F43152009977E0 /* Assets.xcassets */,
				912CB6A429F43152009977E0 /* LaunchScreen.storyboard */,
				912CB6A729F43152009977E0 /* Info.plist */,
			);
			path = SupportingFile;
			sourceTree = "<group>";
		};
		912CB6AF29F43285009977E0 /* MainModule */ = {
			isa = PBXGroup;
			children = (
				9139EBD529F5AA360088F8EE /* Models */,
				912CB6B429F51957009977E0 /* Views */,
				912CB6B029F43290009977E0 /* Controllers */,
			);
			path = MainModule;
			sourceTree = "<group>";
		};
		912CB6B029F43290009977E0 /* Controllers */ = {
			isa = PBXGroup;
			children = (
				912CB69D29F4314D009977E0 /* MainTableViewController.swift */,
			);
			path = Controllers;
			sourceTree = "<group>";
		};
		912CB6B129F43660009977E0 /* Resources */ = {
			isa = PBXGroup;
			children = (
				912CB6B229F51594009977E0 /* Resources.swift */,
			);
			path = Resources;
			sourceTree = "<group>";
		};
		912CB6B429F51957009977E0 /* Views */ = {
			isa = PBXGroup;
			children = (
				912CB6B529F51984009977E0 /* MainTableViewCell .swift */,
			);
			path = Views;
			sourceTree = "<group>";
		};
		912CB6B729F51BEF009977E0 /* Extensions */ = {
			isa = PBXGroup;
			children = (
				912CB6C629F53806009977E0 /* Constants.swift */,
				912CB6B829F51BFE009977E0 /* UIkit */,
			);
			path = Extensions;
			sourceTree = "<group>";
		};
		912CB6B829F51BFE009977E0 /* UIkit */ = {
			isa = PBXGroup;
			children = (
				912CB6B929F51C10009977E0 /* UIView + Extension.swift */,
			);
			path = UIkit;
			sourceTree = "<group>";
		};
		912CB6BB29F52104009977E0 /* EditingModule */ = {
			isa = PBXGroup;
			children = (
				912CB6BF29F530D5009977E0 /* Views */,
				912CB6BC29F5211B009977E0 /* Controllers */,
			);
			path = EditingModule;
			sourceTree = "<group>";
		};
		912CB6BC29F5211B009977E0 /* Controllers */ = {
			isa = PBXGroup;
			children = (
				912CB6BD29F52139009977E0 /* EditingViewController.swift */,
			);
			path = Controllers;
			sourceTree = "<group>";
		};
		912CB6BF29F530D5009977E0 /* Views */ = {
			isa = PBXGroup;
			children = (
				912CB6C429F532F3009977E0 /* NameTextView.swift */,
				912CB6C829F541BE009977E0 /* NameTextViewProtocol.swift */,
				912CB6CE29F5520E009977E0 /* GenderPickerView.swift */,
				912CB6D029F55370009977E0 /* GenderPickerViewProtocol.swift */,
				912CB6D229F55457009977E0 /* GenderTextField .swift */,
				9139EBD329F5A66B0088F8EE /* EditingTableView.swift */,
				912CB6C029F530E2009977E0 /* Cell */,
			);
			path = Views;
			sourceTree = "<group>";
		};
		912CB6C029F530E2009977E0 /* Cell */ = {
			isa = PBXGroup;
			children = (
				912CB6C229F5314E009977E0 /* TextViewTableViewCell.swift */,
				912CB6CA29F54582009977E0 /* DatePickerTableViewCell.swift */,
				912CB6CC29F550C4009977E0 /* PickerViewTableViewCell.swift */,
			);
			path = Cell;
			sourceTree = "<group>";
		};
		9139EBD529F5AA360088F8EE /* Models */ = {
			isa = PBXGroup;
			children = (
				9139EBD629F5AA640088F8EE /* UserModel.swift */,
			);
			path = Models;
			sourceTree = "<group>";
		};
		9139EBD829F5AC510088F8EE /* Services */ = {
			isa = PBXGroup;
			children = (
				9139EBD929F5AE030088F8EE /* UserDefaultsHelpers.swift */,
			);
			path = Services;
			sourceTree = "<group>";
		};
/* End PBXGroup section */

/* Begin PBXNativeTarget section */
		912CB69529F4314D009977E0 /* UserInfo */ = {
			isa = PBXNativeTarget;
			buildConfigurationList = 912CB6AA29F43152009977E0 /* Build configuration list for PBXNativeTarget "UserInfo" */;
			buildPhases = (
				912CB69229F4314D009977E0 /* Sources */,
				912CB69329F4314D009977E0 /* Frameworks */,
				912CB69429F4314D009977E0 /* Resources */,
			);
			buildRules = (
			);
			dependencies = (
			);
			name = UserInfo;
			productName = UserInfo;
			productReference = 912CB69629F4314D009977E0 /* UserInfo.app */;
			productType = "com.apple.product-type.application";
		};
/* End PBXNativeTarget section */

/* Begin PBXProject section */
		912CB68E29F4314D009977E0 /* Project object */ = {
			isa = PBXProject;
			attributes = {
				BuildIndependentTargetsInParallel = 1;
				LastSwiftUpdateCheck = 1430;
				LastUpgradeCheck = 1430;
				TargetAttributes = {
					912CB69529F4314D009977E0 = {
						CreatedOnToolsVersion = 14.3;
					};
				};
			};
			buildConfigurationList = 912CB69129F4314D009977E0 /* Build configuration list for PBXProject "UserInfo" */;
			compatibilityVersion = "Xcode 14.0";
			developmentRegion = en;
			hasScannedForEncodings = 0;
			knownRegions = (
				en,
				Base,
			);
			mainGroup = 912CB68D29F4314D009977E0;
			productRefGroup = 912CB69729F4314D009977E0 /* Products */;
			projectDirPath = "";
			projectRoot = "";
			targets = (
				912CB69529F4314D009977E0 /* UserInfo */,
			);
		};
/* End PBXProject section */

/* Begin PBXResourcesBuildPhase section */
		912CB69429F4314D009977E0 /* Resources */ = {
			isa = PBXResourcesBuildPhase;
			buildActionMask = 2147483647;
			files = (
				912CB6A629F43152009977E0 /* LaunchScreen.storyboard in Resources */,
				912CB6A329F43152009977E0 /* Assets.xcassets in Resources */,
			);
			runOnlyForDeploymentPostprocessing = 0;
		};
/* End PBXResourcesBuildPhase section */

/* Begin PBXSourcesBuildPhase section */
		912CB69229F4314D009977E0 /* Sources */ = {
			isa = PBXSourcesBuildPhase;
			buildActionMask = 2147483647;
			files = (
				9139EBDA29F5AE030088F8EE /* UserDefaultsHelpers.swift in Sources */,
				912CB6CD29F550C4009977E0 /* PickerViewTableViewCell.swift in Sources */,
				912CB6BA29F51C10009977E0 /* UIView + Extension.swift in Sources */,
				912CB6D329F55457009977E0 /* GenderTextField .swift in Sources */,
				912CB6B329F51594009977E0 /* Resources.swift in Sources */,
				912CB6D129F55370009977E0 /* GenderPickerViewProtocol.swift in Sources */,
				912CB6C929F541BE009977E0 /* NameTextViewProtocol.swift in Sources */,
				912CB6CB29F54582009977E0 /* DatePickerTableViewCell.swift in Sources */,
				912CB6BE29F52139009977E0 /* EditingViewController.swift in Sources */,
				9139EBD729F5AA640088F8EE /* UserModel.swift in Sources */,
				9139EBD429F5A66B0088F8EE /* EditingTableView.swift in Sources */,
				912CB69E29F4314D009977E0 /* MainTableViewController.swift in Sources */,
				912CB69A29F4314D009977E0 /* AppDelegate.swift in Sources */,
				912CB6CF29F5520E009977E0 /* GenderPickerView.swift in Sources */,
				912CB6C329F5314E009977E0 /* TextViewTableViewCell.swift in Sources */,
				912CB6C529F532F3009977E0 /* NameTextView.swift in Sources */,
				912CB6B629F51984009977E0 /* MainTableViewCell .swift in Sources */,
				912CB6C729F53806009977E0 /* Constants.swift in Sources */,
			);
			runOnlyForDeploymentPostprocessing = 0;
		};
/* End PBXSourcesBuildPhase section */

/* Begin PBXVariantGroup section */
		912CB6A429F43152009977E0 /* LaunchScreen.storyboard */ = {
			isa = PBXVariantGroup;
			children = (
				912CB6A529F43152009977E0 /* Base */,
			);
			name = LaunchScreen.storyboard;
			sourceTree = "<group>";
		};
/* End PBXVariantGroup section */

/* Begin XCBuildConfiguration section */
		912CB6A829F43152009977E0 /* Debug */ = {
			isa = XCBuildConfiguration;
			buildSettings = {
				ALWAYS_SEARCH_USER_PATHS = NO;
				CLANG_ANALYZER_NONNULL = YES;
				CLANG_ANALYZER_NUMBER_OBJECT_CONVERSION = YES_AGGRESSIVE;
				CLANG_CXX_LANGUAGE_STANDARD = "gnu++20";
				CLANG_ENABLE_MODULES = YES;
				CLANG_ENABLE_OBJC_ARC = YES;
				CLANG_ENABLE_OBJC_WEAK = YES;
				CLANG_WARN_BLOCK_CAPTURE_AUTORELEASING = YES;
				CLANG_WARN_BOOL_CONVERSION = YES;
				CLANG_WARN_COMMA = YES;
				CLANG_WARN_CONSTANT_CONVERSION = YES;
				CLANG_WARN_DEPRECATED_OBJC_IMPLEMENTATIONS = YES;
				CLANG_WARN_DIRECT_OBJC_ISA_USAGE = YES_ERROR;
				CLANG_WARN_DOCUMENTATION_COMMENTS = YES;
				CLANG_WARN_EMPTY_BODY = YES;
				CLANG_WARN_ENUM_CONVERSION = YES;
				CLANG_WARN_INFINITE_RECURSION = YES;
				CLANG_WARN_INT_CONVERSION = YES;
				CLANG_WARN_NON_LITERAL_NULL_CONVERSION = YES;
				CLANG_WARN_OBJC_IMPLICIT_RETAIN_SELF = YES;
				CLANG_WARN_OBJC_LITERAL_CONVERSION = YES;
				CLANG_WARN_OBJC_ROOT_CLASS = YES_ERROR;
				CLANG_WARN_QUOTED_INCLUDE_IN_FRAMEWORK_HEADER = YES;
				CLANG_WARN_RANGE_LOOP_ANALYSIS = YES;
				CLANG_WARN_STRICT_PROTOTYPES = YES;
				CLANG_WARN_SUSPICIOUS_MOVE = YES;
				CLANG_WARN_UNGUARDED_AVAILABILITY = YES_AGGRESSIVE;
				CLANG_WARN_UNREACHABLE_CODE = YES;
				CLANG_WARN__DUPLICATE_METHOD_MATCH = YES;
				COPY_PHASE_STRIP = NO;
				DEBUG_INFORMATION_FORMAT = dwarf;
				ENABLE_STRICT_OBJC_MSGSEND = YES;
				ENABLE_TESTABILITY = YES;
				GCC_C_LANGUAGE_STANDARD = gnu11;
				GCC_DYNAMIC_NO_PIC = NO;
				GCC_NO_COMMON_BLOCKS = YES;
				GCC_OPTIMIZATION_LEVEL = 0;
				GCC_PREPROCESSOR_DEFINITIONS = (
					"DEBUG=1",
					"$(inherited)",
				);
				GCC_WARN_64_TO_32_BIT_CONVERSION = YES;
				GCC_WARN_ABOUT_RETURN_TYPE = YES_ERROR;
				GCC_WARN_UNDECLARED_SELECTOR = YES;
				GCC_WARN_UNINITIALIZED_AUTOS = YES_AGGRESSIVE;
				GCC_WARN_UNUSED_FUNCTION = YES;
				GCC_WARN_UNUSED_VARIABLE = YES;
				IPHONEOS_DEPLOYMENT_TARGET = 16.4;
				MTL_ENABLE_DEBUG_INFO = INCLUDE_SOURCE;
				MTL_FAST_MATH = YES;
				ONLY_ACTIVE_ARCH = YES;
				SDKROOT = iphoneos;
				SWIFT_ACTIVE_COMPILATION_CONDITIONS = DEBUG;
				SWIFT_OPTIMIZATION_LEVEL = "-Onone";
			};
			name = Debug;
		};
		912CB6A929F43152009977E0 /* Release */ = {
			isa = XCBuildConfiguration;
			buildSettings = {
				ALWAYS_SEARCH_USER_PATHS = NO;
				CLANG_ANALYZER_NONNULL = YES;
				CLANG_ANALYZER_NUMBER_OBJECT_CONVERSION = YES_AGGRESSIVE;
				CLANG_CXX_LANGUAGE_STANDARD = "gnu++20";
				CLANG_ENABLE_MODULES = YES;
				CLANG_ENABLE_OBJC_ARC = YES;
				CLANG_ENABLE_OBJC_WEAK = YES;
				CLANG_WARN_BLOCK_CAPTURE_AUTORELEASING = YES;
				CLANG_WARN_BOOL_CONVERSION = YES;
				CLANG_WARN_COMMA = YES;
				CLANG_WARN_CONSTANT_CONVERSION = YES;
				CLANG_WARN_DEPRECATED_OBJC_IMPLEMENTATIONS = YES;
				CLANG_WARN_DIRECT_OBJC_ISA_USAGE = YES_ERROR;
				CLANG_WARN_DOCUMENTATION_COMMENTS = YES;
				CLANG_WARN_EMPTY_BODY = YES;
				CLANG_WARN_ENUM_CONVERSION = YES;
				CLANG_WARN_INFINITE_RECURSION = YES;
				CLANG_WARN_INT_CONVERSION = YES;
				CLANG_WARN_NON_LITERAL_NULL_CONVERSION = YES;
				CLANG_WARN_OBJC_IMPLICIT_RETAIN_SELF = YES;
				CLANG_WARN_OBJC_LITERAL_CONVERSION = YES;
				CLANG_WARN_OBJC_ROOT_CLASS = YES_ERROR;
				CLANG_WARN_QUOTED_INCLUDE_IN_FRAMEWORK_HEADER = YES;
				CLANG_WARN_RANGE_LOOP_ANALYSIS = YES;
				CLANG_WARN_STRICT_PROTOTYPES = YES;
				CLANG_WARN_SUSPICIOUS_MOVE = YES;
				CLANG_WARN_UNGUARDED_AVAILABILITY = YES_AGGRESSIVE;
				CLANG_WARN_UNREACHABLE_CODE = YES;
				CLANG_WARN__DUPLICATE_METHOD_MATCH = YES;
				COPY_PHASE_STRIP = NO;
				DEBUG_INFORMATION_FORMAT = "dwarf-with-dsym";
				ENABLE_NS_ASSERTIONS = NO;
				ENABLE_STRICT_OBJC_MSGSEND = YES;
				GCC_C_LANGUAGE_STANDARD = gnu11;
				GCC_NO_COMMON_BLOCKS = YES;
				GCC_WARN_64_TO_32_BIT_CONVERSION = YES;
				GCC_WARN_ABOUT_RETURN_TYPE = YES_ERROR;
				GCC_WARN_UNDECLARED_SELECTOR = YES;
				GCC_WARN_UNINITIALIZED_AUTOS = YES_AGGRESSIVE;
				GCC_WARN_UNUSED_FUNCTION = YES;
				GCC_WARN_UNUSED_VARIABLE = YES;
				IPHONEOS_DEPLOYMENT_TARGET = 16.4;
				MTL_ENABLE_DEBUG_INFO = NO;
				MTL_FAST_MATH = YES;
				SDKROOT = iphoneos;
				SWIFT_COMPILATION_MODE = wholemodule;
				SWIFT_OPTIMIZATION_LEVEL = "-O";
				VALIDATE_PRODUCT = YES;
			};
			name = Release;
		};
		912CB6AB29F43152009977E0 /* Debug */ = {
			isa = XCBuildConfiguration;
			buildSettings = {
				ASSETCATALOG_COMPILER_APPICON_NAME = AppIcon;
				ASSETCATALOG_COMPILER_GLOBAL_ACCENT_COLOR_NAME = AccentColor;
				CODE_SIGN_STYLE = Automatic;
				CURRENT_PROJECT_VERSION = 1;
				DEVELOPMENT_TEAM = 9VPKL84SZ9;
				GENERATE_INFOPLIST_FILE = YES;
				INFOPLIST_FILE = UserInfo/SupportingFile/Info.plist;
				INFOPLIST_KEY_UIApplicationSupportsIndirectInputEvents = YES;
				INFOPLIST_KEY_UILaunchStoryboardName = LaunchScreen;
				INFOPLIST_KEY_UISupportedInterfaceOrientations = UIInterfaceOrientationPortrait;
				INFOPLIST_KEY_UISupportedInterfaceOrientations_iPad = "UIInterfaceOrientationLandscapeLeft UIInterfaceOrientationLandscapeRight UIInterfaceOrientationPortrait UIInterfaceOrientationPortraitUpsideDown";
				IPHONEOS_DEPLOYMENT_TARGET = 12.0;
				LD_RUNPATH_SEARCH_PATHS = (
					"$(inherited)",
					"@executable_path/Frameworks",
				);
				MARKETING_VERSION = 1.0;
				PRODUCT_BUNDLE_IDENTIFIER = bezrukov.andrey.UserInfo;
				PRODUCT_NAME = "$(TARGET_NAME)";
				SUPPORTED_PLATFORMS = "iphoneos iphonesimulator";
				SUPPORTS_MACCATALYST = NO;
				SUPPORTS_MAC_DESIGNED_FOR_IPHONE_IPAD = NO;
				SWIFT_EMIT_LOC_STRINGS = YES;
				SWIFT_VERSION = 5.0;
				TARGETED_DEVICE_FAMILY = 1;
			};
			name = Debug;
		};
		912CB6AC29F43152009977E0 /* Release */ = {
			isa = XCBuildConfiguration;
			buildSettings = {
				ASSETCATALOG_COMPILER_APPICON_NAME = AppIcon;
				ASSETCATALOG_COMPILER_GLOBAL_ACCENT_COLOR_NAME = AccentColor;
				CODE_SIGN_STYLE = Automatic;
				CURRENT_PROJECT_VERSION = 1;
				DEVELOPMENT_TEAM = 9VPKL84SZ9;
				GENERATE_INFOPLIST_FILE = YES;
				INFOPLIST_FILE = UserInfo/SupportingFile/Info.plist;
				INFOPLIST_KEY_UIApplicationSupportsIndirectInputEvents = YES;
				INFOPLIST_KEY_UILaunchStoryboardName = LaunchScreen;
				INFOPLIST_KEY_UISupportedInterfaceOrientations = UIInterfaceOrientationPortrait;
				INFOPLIST_KEY_UISupportedInterfaceOrientations_iPad = "UIInterfaceOrientationLandscapeLeft UIInterfaceOrientationLandscapeRight UIInterfaceOrientationPortrait UIInterfaceOrientationPortraitUpsideDown";
				IPHONEOS_DEPLOYMENT_TARGET = 12.0;
				LD_RUNPATH_SEARCH_PATHS = (
					"$(inherited)",
					"@executable_path/Frameworks",
				);
				MARKETING_VERSION = 1.0;
				PRODUCT_BUNDLE_IDENTIFIER = bezrukov.andrey.UserInfo;
				PRODUCT_NAME = "$(TARGET_NAME)";
				SUPPORTED_PLATFORMS = "iphoneos iphonesimulator";
				SUPPORTS_MACCATALYST = NO;
				SUPPORTS_MAC_DESIGNED_FOR_IPHONE_IPAD = NO;
				SWIFT_EMIT_LOC_STRINGS = YES;
				SWIFT_VERSION = 5.0;
				TARGETED_DEVICE_FAMILY = 1;
			};
			name = Release;
		};
/* End XCBuildConfiguration section */

/* Begin XCConfigurationList section */
		912CB69129F4314D009977E0 /* Build configuration list for PBXProject "UserInfo" */ = {
			isa = XCConfigurationList;
			buildConfigurations = (
				912CB6A829F43152009977E0 /* Debug */,
				912CB6A929F43152009977E0 /* Release */,
			);
			defaultConfigurationIsVisible = 0;
			defaultConfigurationName = Release;
		};
		912CB6AA29F43152009977E0 /* Build configuration list for PBXNativeTarget "UserInfo" */ = {
			isa = XCConfigurationList;
			buildConfigurations = (
				912CB6AB29F43152009977E0 /* Debug */,
				912CB6AC29F43152009977E0 /* Release */,
			);
			defaultConfigurationIsVisible = 0;
			defaultConfigurationName = Release;
		};
/* End XCConfigurationList section */
	};
	rootObject = 912CB68E29F4314D009977E0 /* Project object */;
}
